
Microsoft Visual Studio Solution File, Format Version 12.00
# Visual Studio Version 17
VisualStudioVersion = 17.7.34024.191
MinimumVisualStudioVersion = 10.0.40219.1
Project("{FAE04EC0-301F-11D3-BF4B-00C04F79EFBC}") = "Tugas3_capture", "Tugas3_capture\Tugas3_capture.csproj", "{0E612B00-50C1-41C6-9B3D-2FC24D2AF402}"
EndProject
Global
	GlobalSection(SolutionConfigurationPlatforms) = preSolution
		Debug|Any CPU = Debug|Any CPU
		Release|Any CPU = Release|Any CPU
	EndGlobalSection
	GlobalSection(ProjectConfigurationPlatforms) = postSolution
		{0E612B00-50C1-41C6-9B3D-2FC24D2AF402}.Debug|Any CPU.ActiveCfg = Debug|Any CPU
		{0E612B00-50C1-41C6-9B3D-2FC24D2AF402}.Debug|Any CPU.Build.0 = Debug|Any CPU
		{0E612B00-50C1-41C6-9B3D-2FC24D2AF402}.Release|Any CPU.ActiveCfg = Release|Any CPU
		{0E612B00-50C1-41C6-9B3D-2FC24D2AF402}.Release|Any CPU.Build.0 = Release|Any CPU
	EndGlobalSection
	GlobalSection(SolutionProperties) = preSolution
		HideSolutionNode = FALSE
	EndGlobalSection
	GlobalSection(ExtensibilityGlobals) = postSolution
		SolutionGuid = {843B72B4-1C01-4AC9-A538-32EC66E54603}
	EndGlobalSection
EndGlobal
